
Microsoft Visual Studio Solution File, Format Version 12.00
# Visual Studio 15
VisualStudioVersion = 15.0.26430.6
MinimumVisualStudioVersion = 10.0.40219.1
Project("{FAE04EC0-301F-11D3-BF4B-00C04F79EFBC}") = "Money", "Money\Money.csproj", "{C54F96D8-19E0-4EB7-978B-7BBF09EED14C}"
EndProject
Project("{FAE04EC0-301F-11D3-BF4B-00C04F79EFBC}") = "DailyProfit", "DailyProfit\DailyProfit.csproj", "{A265689D-CDAA-4E30-9CAB-384F0BA0230C}"
EndProject
Project("{FAE04EC0-301F-11D3-BF4B-00C04F79EFBC}") = "Fishland", "Fishland\Fishland.csproj", "{7407F632-26D6-4C97-9EB0-F9D2B2DD3F06}"
EndProject
Project("{FAE04EC0-301F-11D3-BF4B-00C04F79EFBC}") = "HousePrice", "HousePrice\HousePrice.csproj", "{15302E8A-1F8D-4E53-B26C-FC00590D7332}"
EndProject
Project("{FAE04EC0-301F-11D3-BF4B-00C04F79EFBC}") = "Distance", "Distance\Distance.csproj", "{3316AE56-3359-4A60-B285-CD764EECA1E3}"
EndProject
Project("{FAE04EC0-301F-11D3-BF4B-00C04F79EFBC}") = "DogHouse", "DogHouse\DogHouse.csproj", "{B1C5BF9A-0616-432D-A732-D4C5890CDE9C}"
EndProject
Project("{FAE04EC0-301F-11D3-BF4B-00C04F79EFBC}") = "HousePainting", "HousePainting\HousePainting.csproj", "{8C4F2FD5-9749-4365-820B-804258C24834}"
EndProject
Project("{FAE04EC0-301F-11D3-BF4B-00C04F79EFBC}") = "GrapeandRakia", "GrapeandRakia\GrapeandRakia.csproj", "{88C6B26C-699C-4FB1-A0B7-84F150B6AABD}"
EndProject
Project("{FAE04EC0-301F-11D3-BF4B-00C04F79EFBC}") = "Harvest", "Harvest\Harvest.csproj", "{923A8BDB-5F41-4E79-A3CB-84BA6EA90680}"
EndProject
Project("{FAE04EC0-301F-11D3-BF4B-00C04F79EFBC}") = "Football_Tickets", "Football_Tickets\Football_Tickets.csproj", "{4DD9715F-2AE8-4ACC-A584-6071B6E2FEEA}"
EndProject
Project("{FAE04EC0-301F-11D3-BF4B-00C04F79EFBC}") = "Hotel_Room", "Hotel_Room\Hotel_Room.csproj", "{307E582B-391B-461D-9013-7F396D1328E8}"
EndProject
Project("{FAE04EC0-301F-11D3-BF4B-00C04F79EFBC}") = "Pets", "Pets\Pets.csproj", "{2DB68E62-C323-4F08-88B6-286408D91D0F}"
EndProject
Project("{FAE04EC0-301F-11D3-BF4B-00C04F79EFBC}") = "Vacation", "Vacation\Vacation.csproj", "{FFB4BB0D-606A-48BE-B0EF-00619A7E016F}"
EndProject
Project("{FAE04EC0-301F-11D3-BF4B-00C04F79EFBC}") = "Flower Shop", "Flower Shop\Flower Shop.csproj", "{2809243A-B3B4-4703-B9D5-98F0AC281D11}"
EndProject
Project("{FAE04EC0-301F-11D3-BF4B-00C04F79EFBC}") = "Football_League", "Football_League\Football_League.csproj", "{7A39B399-995A-4483-BC12-C95B235A2AB7}"
EndProject
Project("{FAE04EC0-301F-11D3-BF4B-00C04F79EFBC}") = "Histogram", "Histogram\Histogram.csproj", "{F7F88A8C-68D3-42CF-8933-E38D9531F4D6}"
EndProject
Project("{FAE04EC0-301F-11D3-BF4B-00C04F79EFBC}") = "Delenie-ostatuk-bez", "Delenie-ostatuk-bez\Delenie-ostatuk-bez.csproj", "{4817599E-7DAA-4D83-84F4-4693EFE627B5}"
EndProject
Project("{FAE04EC0-301F-11D3-BF4B-00C04F79EFBC}") = "Crown", "Crown\Crown.csproj", "{2AB7CCA2-0322-420B-8B7D-46696FEEEC75}"
EndProject
Project("{FAE04EC0-301F-11D3-BF4B-00C04F79EFBC}") = "Training-Lab", "Training-Lab\Training-Lab.csproj", "{FCF34EF1-C119-4787-A06A-F15BE5341111}"
EndProject
Project("{FAE04EC0-301F-11D3-BF4B-00C04F79EFBC}") = "Transport-Price", "Transport-Price\Transport-Price.csproj", "{41F2C586-7B61-4EEE-B7B4-8E4D7916DBD5}"
EndProject
Project("{FAE04EC0-301F-11D3-BF4B-00C04F79EFBC}") = "Draw-Fort", "Draw-Fort\Draw-Fort.csproj", "{7865CD8D-B149-4EE9-8545-7C52D80124C3}"
EndProject
Project("{FAE04EC0-301F-11D3-BF4B-00C04F79EFBC}") = "Butterfly", "Butterfly\Butterfly.csproj", "{AED93E3A-FF68-42F9-B56A-688A9D4C2B34}"
EndProject
Project("{FAE04EC0-301F-11D3-BF4B-00C04F79EFBC}") = "Diamond", "Diamond\Diamond.csproj", "{66C4BAC9-20C4-4B88-B51E-FA030DB63CAD}"
EndProject
Project("{FAE04EC0-301F-11D3-BF4B-00C04F79EFBC}") = "Axe", "Axe\Axe.csproj", "{B42E8107-CDBC-4D22-8D47-562C114FFEB6}"
EndProject
Project("{FAE04EC0-301F-11D3-BF4B-00C04F79EFBC}") = "Fox", "Fox\Fox.csproj", "{A0BD94D6-9B21-4346-B056-2DACCE3C8201}"
EndProject
Project("{FAE04EC0-301F-11D3-BF4B-00C04F79EFBC}") = "Rocket", "Rocket\Rocket.csproj", "{3A815A0C-3292-43CB-B8BD-16C14B6983CE}"
EndProject
Project("{FAE04EC0-301F-11D3-BF4B-00C04F79EFBC}") = "Christmas-Hat", "Christmas-Hat\Christmas-Hat.csproj", "{9A185FD8-2E8D-4EDB-8428-0F438C81231F}"
EndProject
Project("{FAE04EC0-301F-11D3-BF4B-00C04F79EFBC}") = "SoftUni-logo", "SoftUni-logo\SoftUni-logo.csproj", "{CF2CEDD4-0578-4E6B-BFC5-5222BD8F7F04}"
EndProject
Project("{FAE04EC0-301F-11D3-BF4B-00C04F79EFBC}") = "Hourglass", "Hourglass\Hourglass.csproj", "{E0A4ACC0-E732-4F0F-A9D3-5B332FD1AFCA}"
EndProject
Project("{FAE04EC0-301F-11D3-BF4B-00C04F79EFBC}") = "Parallelepiped", "Parallelepiped\Parallelepiped.csproj", "{9CE13D2D-C0AB-4726-8C7D-CE2F5F1D8565}"
EndProject
Project("{FAE04EC0-301F-11D3-BF4B-00C04F79EFBC}") = "On-Time-for-the-Exam", "On-Time-for-the-Exam\On-Time-for-the-Exam.csproj", "{ED65C3F5-48D2-4BB8-BCBA-790AB3D73456}"
EndProject
Project("{FAE04EC0-301F-11D3-BF4B-00C04F79EFBC}") = "Vegetable-Market", "Vegetable-Market\Vegetable-Market.csproj", "{03B8B87C-8F27-4ACA-BD61-1945A8E90F3B}"
EndProject
Project("{FAE04EC0-301F-11D3-BF4B-00C04F79EFBC}") = "Pool-Pipes", "Pool-Pipes\Pool-Pipes.csproj", "{1B3EC2FA-922D-43B0-B8A8-CEF44F8AAD0E}"
EndProject
Project("{FAE04EC0-301F-11D3-BF4B-00C04F79EFBC}") = "Trip", "Trip\Trip.csproj", "{36374E7D-89E2-4161-B04E-B8E1F54B4698}"
EndProject
Project("{FAE04EC0-301F-11D3-BF4B-00C04F79EFBC}") = "Repair", "Repair\Repair.csproj", "{12AF5332-ABAC-402D-80C4-0D1A698BA5F1}"
EndProject
Project("{FAE04EC0-301F-11D3-BF4B-00C04F79EFBC}") = "Tom-The-Cat", "Tom-The-Cat\Tom-The-Cat.csproj", "{DB383715-4FD0-4B27-B88F-D94C73EF62DF}"
EndProject
Project("{FAE04EC0-301F-11D3-BF4B-00C04F79EFBC}") = "Operation-Digits", "Operation-Digits\Operation-Digits.csproj", "{14A0AB94-6E52-4734-BCA5-5EA382CEA7FF}"
EndProject
Project("{FAE04EC0-301F-11D3-BF4B-00C04F79EFBC}") = "Clever-Lily", "Clever-Lily\Clever-Lily.csproj", "{CE380E47-EA17-45CF-BF6E-CB74A3D766FC}"
EndProject
Project("{FAE04EC0-301F-11D3-BF4B-00C04F79EFBC}") = "Stop-Sign", "Stop-Sign\Stop-Sign.csproj", "{22328B20-C402-461A-98AD-8058FD68E661}"
EndProject
Project("{FAE04EC0-301F-11D3-BF4B-00C04F79EFBC}") = "Special-Numbers", "Special-Numbers\Special-Numbers.csproj", "{33B8E451-2916-4255-987B-C9B22F8DECB1}"
EndProject
Project("{FAE04EC0-301F-11D3-BF4B-00C04F79EFBC}") = "Stopping-Digit", "Stopping-Digit\Stopping-Digit.csproj", "{41D58ED5-6003-42A0-8B0D-460B00F33B01}"
EndProject
Project("{FAE04EC0-301F-11D3-BF4B-00C04F79EFBC}") = "In-The-Past", "In-The-Past\In-The-Past.csproj", "{23F88541-B868-4390-A050-E5635C9926AE}"
EndProject
Project("{FAE04EC0-301F-11D3-BF4B-00C04F79EFBC}") = "Number-Generator", "Number-Generator\Number-Generator.csproj", "{400984E4-7D7D-4A96-A059-E356DD92590D}"
EndProject
Project("{FAE04EC0-301F-11D3-BF4B-00C04F79EFBC}") = "Hospital", "Hospital\Hospital.csproj", "{E59B4612-7A09-4C90-8E60-7B1643357702}"
EndProject
Project("{FAE04EC0-301F-11D3-BF4B-00C04F79EFBC}") = "SoftUni-Camp", "SoftUni-Camp\SoftUni-Camp.csproj", "{0A051C5A-DA4B-4B9E-A635-D13371D7BE1D}"
EndProject
Project("{FAE04EC0-301F-11D3-BF4B-00C04F79EFBC}") = "Bike-Race", "Bike-Race\Bike-Race.csproj", "{BD7B116B-DD22-4969-9DB3-27FDD5240785}"
EndProject
Project("{FAE04EC0-301F-11D3-BF4B-00C04F79EFBC}") = "Logistics", "Logistics\Logistics.csproj", "{52C37627-D6FE-4558-83D0-55D28ACCA463}"
EndProject
Project("{FAE04EC0-301F-11D3-BF4B-00C04F79EFBC}") = "School-Camp", "School-Camp\School-Camp.csproj", "{D310F747-54B4-45DD-A53C-2323C7ED1E34}"
EndProject
Project("{FAE04EC0-301F-11D3-BF4B-00C04F79EFBC}") = "Change-Tiles", "Change-Tiles\Change-Tiles.csproj", "{6AB43C03-71AE-4233-8E43-EBE2CD770D39}"
EndProject
Project("{FAE04EC0-301F-11D3-BF4B-00C04F79EFBC}") = "Flowers", "Flowers\Flowers.csproj", "{E6B9E8BD-8718-4EDA-891C-CF76B179CB0A}"
EndProject
Project("{FAE04EC0-301F-11D3-BF4B-00C04F79EFBC}") = "Grades", "Grades\Grades.csproj", "{BEEA235B-C48E-4D22-B8A4-FEFB680694C2}"
EndProject
Project("{FAE04EC0-301F-11D3-BF4B-00C04F79EFBC}") = "Work-hours", "Work-hours\Work-hours.csproj", "{CBBBD21A-43C4-426E-B534-7B090495E64E}"
EndProject
Project("{FAE04EC0-301F-11D3-BF4B-00C04F79EFBC}") = "Car-To-Go", "Car-To-Go\Car-To-Go.csproj", "{86E204FF-5A6A-4E4F-9718-7C2DD1AB77B2}"
EndProject
Project("{FAE04EC0-301F-11D3-BF4B-00C04F79EFBC}") = "Game-Of-Intervals", "Game-Of-Intervals\Game-Of-Intervals.csproj", "{75C24DC0-3F15-43F9-B174-5478A81BE081}"
EndProject
Project("{FAE04EC0-301F-11D3-BF4B-00C04F79EFBC}") = "Cups", "Cups\Cups.csproj", "{2BA74587-E1C3-4810-840E-DCB2D4EF6B06}"
EndProject
Project("{FAE04EC0-301F-11D3-BF4B-00C04F79EFBC}") = "VACATION_1", "VACATION_1\VACATION_1.csproj", "{B6EA8C45-6289-4A6B-9B58-019EEF859FE1}"
EndProject
Project("{FAE04EC0-301F-11D3-BF4B-00C04F79EFBC}") = "Trainers-Salary", "Trainers-Salary\Trainers-Salary.csproj", "{DDDC5BA0-D225-4C8F-91BF-78A65328DFCD}"
EndProject
Project("{FAE04EC0-301F-11D3-BF4B-00C04F79EFBC}") = "Stirofoam", "Stirofoam\Stirofoam.csproj", "{C84F8568-75A7-490A-89DF-A35B9116C885}"
EndProject
Project("{FAE04EC0-301F-11D3-BF4B-00C04F79EFBC}") = "Truck-Driver", "Truck-Driver\Truck-Driver.csproj", "{D78689D9-6C8B-49EE-8E1C-D5047CE62F4F}"
EndProject
Project("{FAE04EC0-301F-11D3-BF4B-00C04F79EFBC}") = "Bills", "Bills\Bills.csproj", "{168FF244-B3F4-4048-8F93-2BD19C556133}"
EndProject
Project("{FAE04EC0-301F-11D3-BF4B-00C04F79EFBC}") = "Digits", "Digits\Digits.csproj", "{447F1116-68AE-4DF7-9DF8-85A214F57E66}"
EndProject
Project("{FAE04EC0-301F-11D3-BF4B-00C04F79EFBC}") = "Max-Combination", "Max-Combination\Max-Combination.csproj", "{035D63E7-2484-4321-BBC9-0A4DB02079E3}"
EndProject
Project("{FAE04EC0-301F-11D3-BF4B-00C04F79EFBC}") = "Battles", "Battles\Battles.csproj", "{0D39261A-69EA-4190-8C4F-691EA4E706D1}"
EndProject
Project("{FAE04EC0-301F-11D3-BF4B-00C04F79EFBC}") = "Sum-Two-Numbers", "Sum-Two-Numbers\Sum-Two-Numbers.csproj", "{2F56979E-A206-4D59-9D53-B373CD86594E}"
EndProject
Project("{FAE04EC0-301F-11D3-BF4B-00C04F79EFBC}") = "Two-Numbers-Sum", "Two-Numbers-Sum\Two-Numbers-Sum.csproj", "{59898008-1299-4B9F-8FA9-8C392DCE79C3}"
EndProject
Project("{FAE04EC0-301F-11D3-BF4B-00C04F79EFBC}") = "Control-Number", "Control-Number\Control-Number.csproj", "{9BCB5B93-80CC-415F-B5E6-8009212AE480}"
EndProject
Global
	GlobalSection(SolutionConfigurationPlatforms) = preSolution
		Debug|Any CPU = Debug|Any CPU
		Release|Any CPU = Release|Any CPU
	EndGlobalSection
	GlobalSection(ProjectConfigurationPlatforms) = postSolution
		{C54F96D8-19E0-4EB7-978B-7BBF09EED14C}.Debug|Any CPU.ActiveCfg = Debug|Any CPU
		{C54F96D8-19E0-4EB7-978B-7BBF09EED14C}.Debug|Any CPU.Build.0 = Debug|Any CPU
		{C54F96D8-19E0-4EB7-978B-7BBF09EED14C}.Release|Any CPU.ActiveCfg = Release|Any CPU
		{C54F96D8-19E0-4EB7-978B-7BBF09EED14C}.Release|Any CPU.Build.0 = Release|Any CPU
		{A265689D-CDAA-4E30-9CAB-384F0BA0230C}.Debug|Any CPU.ActiveCfg = Debug|Any CPU
		{A265689D-CDAA-4E30-9CAB-384F0BA0230C}.Debug|Any CPU.Build.0 = Debug|Any CPU
		{A265689D-CDAA-4E30-9CAB-384F0BA0230C}.Release|Any CPU.ActiveCfg = Release|Any CPU
		{A265689D-CDAA-4E30-9CAB-384F0BA0230C}.Release|Any CPU.Build.0 = Release|Any CPU
		{7407F632-26D6-4C97-9EB0-F9D2B2DD3F06}.Debug|Any CPU.ActiveCfg = Debug|Any CPU
		{7407F632-26D6-4C97-9EB0-F9D2B2DD3F06}.Debug|Any CPU.Build.0 = Debug|Any CPU
		{7407F632-26D6-4C97-9EB0-F9D2B2DD3F06}.Release|Any CPU.ActiveCfg = Release|Any CPU
		{7407F632-26D6-4C97-9EB0-F9D2B2DD3F06}.Release|Any CPU.Build.0 = Release|Any CPU
		{15302E8A-1F8D-4E53-B26C-FC00590D7332}.Debug|Any CPU.ActiveCfg = Debug|Any CPU
		{15302E8A-1F8D-4E53-B26C-FC00590D7332}.Debug|Any CPU.Build.0 = Debug|Any CPU
		{15302E8A-1F8D-4E53-B26C-FC00590D7332}.Release|Any CPU.ActiveCfg = Release|Any CPU
		{15302E8A-1F8D-4E53-B26C-FC00590D7332}.Release|Any CPU.Build.0 = Release|Any CPU
		{3316AE56-3359-4A60-B285-CD764EECA1E3}.Debug|Any CPU.ActiveCfg = Debug|Any CPU
		{3316AE56-3359-4A60-B285-CD764EECA1E3}.Debug|Any CPU.Build.0 = Debug|Any CPU
		{3316AE56-3359-4A60-B285-CD764EECA1E3}.Release|Any CPU.ActiveCfg = Release|Any CPU
		{3316AE56-3359-4A60-B285-CD764EECA1E3}.Release|Any CPU.Build.0 = Release|Any CPU
		{B1C5BF9A-0616-432D-A732-D4C5890CDE9C}.Debug|Any CPU.ActiveCfg = Debug|Any CPU
		{B1C5BF9A-0616-432D-A732-D4C5890CDE9C}.Debug|Any CPU.Build.0 = Debug|Any CPU
		{B1C5BF9A-0616-432D-A732-D4C5890CDE9C}.Release|Any CPU.ActiveCfg = Release|Any CPU
		{B1C5BF9A-0616-432D-A732-D4C5890CDE9C}.Release|Any CPU.Build.0 = Release|Any CPU
		{8C4F2FD5-9749-4365-820B-804258C24834}.Debug|Any CPU.ActiveCfg = Debug|Any CPU
		{8C4F2FD5-9749-4365-820B-804258C24834}.Debug|Any CPU.Build.0 = Debug|Any CPU
		{8C4F2FD5-9749-4365-820B-804258C24834}.Release|Any CPU.ActiveCfg = Release|Any CPU
		{8C4F2FD5-9749-4365-820B-804258C24834}.Release|Any CPU.Build.0 = Release|Any CPU
		{88C6B26C-699C-4FB1-A0B7-84F150B6AABD}.Debug|Any CPU.ActiveCfg = Debug|Any CPU
		{88C6B26C-699C-4FB1-A0B7-84F150B6AABD}.Debug|Any CPU.Build.0 = Debug|Any CPU
		{88C6B26C-699C-4FB1-A0B7-84F150B6AABD}.Release|Any CPU.ActiveCfg = Release|Any CPU
		{88C6B26C-699C-4FB1-A0B7-84F150B6AABD}.Release|Any CPU.Build.0 = Release|Any CPU
		{923A8BDB-5F41-4E79-A3CB-84BA6EA90680}.Debug|Any CPU.ActiveCfg = Debug|Any CPU
		{923A8BDB-5F41-4E79-A3CB-84BA6EA90680}.Debug|Any CPU.Build.0 = Debug|Any CPU
		{923A8BDB-5F41-4E79-A3CB-84BA6EA90680}.Release|Any CPU.ActiveCfg = Release|Any CPU
		{923A8BDB-5F41-4E79-A3CB-84BA6EA90680}.Release|Any CPU.Build.0 = Release|Any CPU
		{4DD9715F-2AE8-4ACC-A584-6071B6E2FEEA}.Debug|Any CPU.ActiveCfg = Debug|Any CPU
		{4DD9715F-2AE8-4ACC-A584-6071B6E2FEEA}.Debug|Any CPU.Build.0 = Debug|Any CPU
		{4DD9715F-2AE8-4ACC-A584-6071B6E2FEEA}.Release|Any CPU.ActiveCfg = Release|Any CPU
		{4DD9715F-2AE8-4ACC-A584-6071B6E2FEEA}.Release|Any CPU.Build.0 = Release|Any CPU
		{307E582B-391B-461D-9013-7F396D1328E8}.Debug|Any CPU.ActiveCfg = Debug|Any CPU
		{307E582B-391B-461D-9013-7F396D1328E8}.Debug|Any CPU.Build.0 = Debug|Any CPU
		{307E582B-391B-461D-9013-7F396D1328E8}.Release|Any CPU.ActiveCfg = Release|Any CPU
		{307E582B-391B-461D-9013-7F396D1328E8}.Release|Any CPU.Build.0 = Release|Any CPU
		{2DB68E62-C323-4F08-88B6-286408D91D0F}.Debug|Any CPU.ActiveCfg = Debug|Any CPU
		{2DB68E62-C323-4F08-88B6-286408D91D0F}.Debug|Any CPU.Build.0 = Debug|Any CPU
		{2DB68E62-C323-4F08-88B6-286408D91D0F}.Release|Any CPU.ActiveCfg = Release|Any CPU
		{2DB68E62-C323-4F08-88B6-286408D91D0F}.Release|Any CPU.Build.0 = Release|Any CPU
		{FFB4BB0D-606A-48BE-B0EF-00619A7E016F}.Debug|Any CPU.ActiveCfg = Debug|Any CPU
		{FFB4BB0D-606A-48BE-B0EF-00619A7E016F}.Debug|Any CPU.Build.0 = Debug|Any CPU
		{FFB4BB0D-606A-48BE-B0EF-00619A7E016F}.Release|Any CPU.ActiveCfg = Release|Any CPU
		{FFB4BB0D-606A-48BE-B0EF-00619A7E016F}.Release|Any CPU.Build.0 = Release|Any CPU
		{2809243A-B3B4-4703-B9D5-98F0AC281D11}.Debug|Any CPU.ActiveCfg = Debug|Any CPU
		{2809243A-B3B4-4703-B9D5-98F0AC281D11}.Debug|Any CPU.Build.0 = Debug|Any CPU
		{2809243A-B3B4-4703-B9D5-98F0AC281D11}.Release|Any CPU.ActiveCfg = Release|Any CPU
		{2809243A-B3B4-4703-B9D5-98F0AC281D11}.Release|Any CPU.Build.0 = Release|Any CPU
		{7A39B399-995A-4483-BC12-C95B235A2AB7}.Debug|Any CPU.ActiveCfg = Debug|Any CPU
		{7A39B399-995A-4483-BC12-C95B235A2AB7}.Debug|Any CPU.Build.0 = Debug|Any CPU
		{7A39B399-995A-4483-BC12-C95B235A2AB7}.Release|Any CPU.ActiveCfg = Release|Any CPU
		{7A39B399-995A-4483-BC12-C95B235A2AB7}.Release|Any CPU.Build.0 = Release|Any CPU
		{F7F88A8C-68D3-42CF-8933-E38D9531F4D6}.Debug|Any CPU.ActiveCfg = Debug|Any CPU
		{F7F88A8C-68D3-42CF-8933-E38D9531F4D6}.Debug|Any CPU.Build.0 = Debug|Any CPU
		{F7F88A8C-68D3-42CF-8933-E38D9531F4D6}.Release|Any CPU.ActiveCfg = Release|Any CPU
		{F7F88A8C-68D3-42CF-8933-E38D9531F4D6}.Release|Any CPU.Build.0 = Release|Any CPU
		{4817599E-7DAA-4D83-84F4-4693EFE627B5}.Debug|Any CPU.ActiveCfg = Debug|Any CPU
		{4817599E-7DAA-4D83-84F4-4693EFE627B5}.Debug|Any CPU.Build.0 = Debug|Any CPU
		{4817599E-7DAA-4D83-84F4-4693EFE627B5}.Release|Any CPU.ActiveCfg = Release|Any CPU
		{4817599E-7DAA-4D83-84F4-4693EFE627B5}.Release|Any CPU.Build.0 = Release|Any CPU
		{2AB7CCA2-0322-420B-8B7D-46696FEEEC75}.Debug|Any CPU.ActiveCfg = Debug|Any CPU
		{2AB7CCA2-0322-420B-8B7D-46696FEEEC75}.Debug|Any CPU.Build.0 = Debug|Any CPU
		{2AB7CCA2-0322-420B-8B7D-46696FEEEC75}.Release|Any CPU.ActiveCfg = Release|Any CPU
		{2AB7CCA2-0322-420B-8B7D-46696FEEEC75}.Release|Any CPU.Build.0 = Release|Any CPU
		{FCF34EF1-C119-4787-A06A-F15BE5341111}.Debug|Any CPU.ActiveCfg = Debug|Any CPU
		{FCF34EF1-C119-4787-A06A-F15BE5341111}.Debug|Any CPU.Build.0 = Debug|Any CPU
		{FCF34EF1-C119-4787-A06A-F15BE5341111}.Release|Any CPU.ActiveCfg = Release|Any CPU
		{FCF34EF1-C119-4787-A06A-F15BE5341111}.Release|Any CPU.Build.0 = Release|Any CPU
		{41F2C586-7B61-4EEE-B7B4-8E4D7916DBD5}.Debug|Any CPU.ActiveCfg = Debug|Any CPU
		{41F2C586-7B61-4EEE-B7B4-8E4D7916DBD5}.Debug|Any CPU.Build.0 = Debug|Any CPU
		{41F2C586-7B61-4EEE-B7B4-8E4D7916DBD5}.Release|Any CPU.ActiveCfg = Release|Any CPU
		{41F2C586-7B61-4EEE-B7B4-8E4D7916DBD5}.Release|Any CPU.Build.0 = Release|Any CPU
		{7865CD8D-B149-4EE9-8545-7C52D80124C3}.Debug|Any CPU.ActiveCfg = Debug|Any CPU
		{7865CD8D-B149-4EE9-8545-7C52D80124C3}.Debug|Any CPU.Build.0 = Debug|Any CPU
		{7865CD8D-B149-4EE9-8545-7C52D80124C3}.Release|Any CPU.ActiveCfg = Release|Any CPU
		{7865CD8D-B149-4EE9-8545-7C52D80124C3}.Release|Any CPU.Build.0 = Release|Any CPU
		{AED93E3A-FF68-42F9-B56A-688A9D4C2B34}.Debug|Any CPU.ActiveCfg = Debug|Any CPU
		{AED93E3A-FF68-42F9-B56A-688A9D4C2B34}.Debug|Any CPU.Build.0 = Debug|Any CPU
		{AED93E3A-FF68-42F9-B56A-688A9D4C2B34}.Release|Any CPU.ActiveCfg = Release|Any CPU
		{AED93E3A-FF68-42F9-B56A-688A9D4C2B34}.Release|Any CPU.Build.0 = Release|Any CPU
		{66C4BAC9-20C4-4B88-B51E-FA030DB63CAD}.Debug|Any CPU.ActiveCfg = Debug|Any CPU
		{66C4BAC9-20C4-4B88-B51E-FA030DB63CAD}.Debug|Any CPU.Build.0 = Debug|Any CPU
		{66C4BAC9-20C4-4B88-B51E-FA030DB63CAD}.Release|Any CPU.ActiveCfg = Release|Any CPU
		{66C4BAC9-20C4-4B88-B51E-FA030DB63CAD}.Release|Any CPU.Build.0 = Release|Any CPU
		{B42E8107-CDBC-4D22-8D47-562C114FFEB6}.Debug|Any CPU.ActiveCfg = Debug|Any CPU
		{B42E8107-CDBC-4D22-8D47-562C114FFEB6}.Debug|Any CPU.Build.0 = Debug|Any CPU
		{B42E8107-CDBC-4D22-8D47-562C114FFEB6}.Release|Any CPU.ActiveCfg = Release|Any CPU
		{B42E8107-CDBC-4D22-8D47-562C114FFEB6}.Release|Any CPU.Build.0 = Release|Any CPU
		{A0BD94D6-9B21-4346-B056-2DACCE3C8201}.Debug|Any CPU.ActiveCfg = Debug|Any CPU
		{A0BD94D6-9B21-4346-B056-2DACCE3C8201}.Debug|Any CPU.Build.0 = Debug|Any CPU
		{A0BD94D6-9B21-4346-B056-2DACCE3C8201}.Release|Any CPU.ActiveCfg = Release|Any CPU
		{A0BD94D6-9B21-4346-B056-2DACCE3C8201}.Release|Any CPU.Build.0 = Release|Any CPU
		{3A815A0C-3292-43CB-B8BD-16C14B6983CE}.Debug|Any CPU.ActiveCfg = Debug|Any CPU
		{3A815A0C-3292-43CB-B8BD-16C14B6983CE}.Debug|Any CPU.Build.0 = Debug|Any CPU
		{3A815A0C-3292-43CB-B8BD-16C14B6983CE}.Release|Any CPU.ActiveCfg = Release|Any CPU
		{3A815A0C-3292-43CB-B8BD-16C14B6983CE}.Release|Any CPU.Build.0 = Release|Any CPU
		{9A185FD8-2E8D-4EDB-8428-0F438C81231F}.Debug|Any CPU.ActiveCfg = Debug|Any CPU
		{9A185FD8-2E8D-4EDB-8428-0F438C81231F}.Debug|Any CPU.Build.0 = Debug|Any CPU
		{9A185FD8-2E8D-4EDB-8428-0F438C81231F}.Release|Any CPU.ActiveCfg = Release|Any CPU
		{9A185FD8-2E8D-4EDB-8428-0F438C81231F}.Release|Any CPU.Build.0 = Release|Any CPU
		{CF2CEDD4-0578-4E6B-BFC5-5222BD8F7F04}.Debug|Any CPU.ActiveCfg = Debug|Any CPU
		{CF2CEDD4-0578-4E6B-BFC5-5222BD8F7F04}.Debug|Any CPU.Build.0 = Debug|Any CPU
		{CF2CEDD4-0578-4E6B-BFC5-5222BD8F7F04}.Release|Any CPU.ActiveCfg = Release|Any CPU
		{CF2CEDD4-0578-4E6B-BFC5-5222BD8F7F04}.Release|Any CPU.Build.0 = Release|Any CPU
		{E0A4ACC0-E732-4F0F-A9D3-5B332FD1AFCA}.Debug|Any CPU.ActiveCfg = Debug|Any CPU
		{E0A4ACC0-E732-4F0F-A9D3-5B332FD1AFCA}.Debug|Any CPU.Build.0 = Debug|Any CPU
		{E0A4ACC0-E732-4F0F-A9D3-5B332FD1AFCA}.Release|Any CPU.ActiveCfg = Release|Any CPU
		{E0A4ACC0-E732-4F0F-A9D3-5B332FD1AFCA}.Release|Any CPU.Build.0 = Release|Any CPU
		{9CE13D2D-C0AB-4726-8C7D-CE2F5F1D8565}.Debug|Any CPU.ActiveCfg = Debug|Any CPU
		{9CE13D2D-C0AB-4726-8C7D-CE2F5F1D8565}.Debug|Any CPU.Build.0 = Debug|Any CPU
		{9CE13D2D-C0AB-4726-8C7D-CE2F5F1D8565}.Release|Any CPU.ActiveCfg = Release|Any CPU
		{9CE13D2D-C0AB-4726-8C7D-CE2F5F1D8565}.Release|Any CPU.Build.0 = Release|Any CPU
		{ED65C3F5-48D2-4BB8-BCBA-790AB3D73456}.Debug|Any CPU.ActiveCfg = Debug|Any CPU
		{ED65C3F5-48D2-4BB8-BCBA-790AB3D73456}.Debug|Any CPU.Build.0 = Debug|Any CPU
		{ED65C3F5-48D2-4BB8-BCBA-790AB3D73456}.Release|Any CPU.ActiveCfg = Release|Any CPU
		{ED65C3F5-48D2-4BB8-BCBA-790AB3D73456}.Release|Any CPU.Build.0 = Release|Any CPU
		{03B8B87C-8F27-4ACA-BD61-1945A8E90F3B}.Debug|Any CPU.ActiveCfg = Debug|Any CPU
		{03B8B87C-8F27-4ACA-BD61-1945A8E90F3B}.Debug|Any CPU.Build.0 = Debug|Any CPU
		{03B8B87C-8F27-4ACA-BD61-1945A8E90F3B}.Release|Any CPU.ActiveCfg = Release|Any CPU
		{03B8B87C-8F27-4ACA-BD61-1945A8E90F3B}.Release|Any CPU.Build.0 = Release|Any CPU
		{1B3EC2FA-922D-43B0-B8A8-CEF44F8AAD0E}.Debug|Any CPU.ActiveCfg = Debug|Any CPU
		{1B3EC2FA-922D-43B0-B8A8-CEF44F8AAD0E}.Debug|Any CPU.Build.0 = Debug|Any CPU
		{1B3EC2FA-922D-43B0-B8A8-CEF44F8AAD0E}.Release|Any CPU.ActiveCfg = Release|Any CPU
		{1B3EC2FA-922D-43B0-B8A8-CEF44F8AAD0E}.Release|Any CPU.Build.0 = Release|Any CPU
		{36374E7D-89E2-4161-B04E-B8E1F54B4698}.Debug|Any CPU.ActiveCfg = Debug|Any CPU
		{36374E7D-89E2-4161-B04E-B8E1F54B4698}.Debug|Any CPU.Build.0 = Debug|Any CPU
		{36374E7D-89E2-4161-B04E-B8E1F54B4698}.Release|Any CPU.ActiveCfg = Release|Any CPU
		{36374E7D-89E2-4161-B04E-B8E1F54B4698}.Release|Any CPU.Build.0 = Release|Any CPU
		{12AF5332-ABAC-402D-80C4-0D1A698BA5F1}.Debug|Any CPU.ActiveCfg = Debug|Any CPU
		{12AF5332-ABAC-402D-80C4-0D1A698BA5F1}.Debug|Any CPU.Build.0 = Debug|Any CPU
		{12AF5332-ABAC-402D-80C4-0D1A698BA5F1}.Release|Any CPU.ActiveCfg = Release|Any CPU
		{12AF5332-ABAC-402D-80C4-0D1A698BA5F1}.Release|Any CPU.Build.0 = Release|Any CPU
		{DB383715-4FD0-4B27-B88F-D94C73EF62DF}.Debug|Any CPU.ActiveCfg = Debug|Any CPU
		{DB383715-4FD0-4B27-B88F-D94C73EF62DF}.Debug|Any CPU.Build.0 = Debug|Any CPU
		{DB383715-4FD0-4B27-B88F-D94C73EF62DF}.Release|Any CPU.ActiveCfg = Release|Any CPU
		{DB383715-4FD0-4B27-B88F-D94C73EF62DF}.Release|Any CPU.Build.0 = Release|Any CPU
		{14A0AB94-6E52-4734-BCA5-5EA382CEA7FF}.Debug|Any CPU.ActiveCfg = Debug|Any CPU
		{14A0AB94-6E52-4734-BCA5-5EA382CEA7FF}.Debug|Any CPU.Build.0 = Debug|Any CPU
		{14A0AB94-6E52-4734-BCA5-5EA382CEA7FF}.Release|Any CPU.ActiveCfg = Release|Any CPU
		{14A0AB94-6E52-4734-BCA5-5EA382CEA7FF}.Release|Any CPU.Build.0 = Release|Any CPU
		{CE380E47-EA17-45CF-BF6E-CB74A3D766FC}.Debug|Any CPU.ActiveCfg = Debug|Any CPU
		{CE380E47-EA17-45CF-BF6E-CB74A3D766FC}.Debug|Any CPU.Build.0 = Debug|Any CPU
		{CE380E47-EA17-45CF-BF6E-CB74A3D766FC}.Release|Any CPU.ActiveCfg = Release|Any CPU
		{CE380E47-EA17-45CF-BF6E-CB74A3D766FC}.Release|Any CPU.Build.0 = Release|Any CPU
		{22328B20-C402-461A-98AD-8058FD68E661}.Debug|Any CPU.ActiveCfg = Debug|Any CPU
		{22328B20-C402-461A-98AD-8058FD68E661}.Debug|Any CPU.Build.0 = Debug|Any CPU
		{22328B20-C402-461A-98AD-8058FD68E661}.Release|Any CPU.ActiveCfg = Release|Any CPU
		{22328B20-C402-461A-98AD-8058FD68E661}.Release|Any CPU.Build.0 = Release|Any CPU
		{33B8E451-2916-4255-987B-C9B22F8DECB1}.Debug|Any CPU.ActiveCfg = Debug|Any CPU
		{33B8E451-2916-4255-987B-C9B22F8DECB1}.Debug|Any CPU.Build.0 = Debug|Any CPU
		{33B8E451-2916-4255-987B-C9B22F8DECB1}.Release|Any CPU.ActiveCfg = Release|Any CPU
		{33B8E451-2916-4255-987B-C9B22F8DECB1}.Release|Any CPU.Build.0 = Release|Any CPU
		{41D58ED5-6003-42A0-8B0D-460B00F33B01}.Debug|Any CPU.ActiveCfg = Debug|Any CPU
		{41D58ED5-6003-42A0-8B0D-460B00F33B01}.Debug|Any CPU.Build.0 = Debug|Any CPU
		{41D58ED5-6003-42A0-8B0D-460B00F33B01}.Release|Any CPU.ActiveCfg = Release|Any CPU
		{41D58ED5-6003-42A0-8B0D-460B00F33B01}.Release|Any CPU.Build.0 = Release|Any CPU
		{23F88541-B868-4390-A050-E5635C9926AE}.Debug|Any CPU.ActiveCfg = Debug|Any CPU
		{23F88541-B868-4390-A050-E5635C9926AE}.Debug|Any CPU.Build.0 = Debug|Any CPU
		{23F88541-B868-4390-A050-E5635C9926AE}.Release|Any CPU.ActiveCfg = Release|Any CPU
		{23F88541-B868-4390-A050-E5635C9926AE}.Release|Any CPU.Build.0 = Release|Any CPU
		{400984E4-7D7D-4A96-A059-E356DD92590D}.Debug|Any CPU.ActiveCfg = Debug|Any CPU
		{400984E4-7D7D-4A96-A059-E356DD92590D}.Debug|Any CPU.Build.0 = Debug|Any CPU
		{400984E4-7D7D-4A96-A059-E356DD92590D}.Release|Any CPU.ActiveCfg = Release|Any CPU
		{400984E4-7D7D-4A96-A059-E356DD92590D}.Release|Any CPU.Build.0 = Release|Any CPU
		{E59B4612-7A09-4C90-8E60-7B1643357702}.Debug|Any CPU.ActiveCfg = Debug|Any CPU
		{E59B4612-7A09-4C90-8E60-7B1643357702}.Debug|Any CPU.Build.0 = Debug|Any CPU
		{E59B4612-7A09-4C90-8E60-7B1643357702}.Release|Any CPU.ActiveCfg = Release|Any CPU
		{E59B4612-7A09-4C90-8E60-7B1643357702}.Release|Any CPU.Build.0 = Release|Any CPU
		{0A051C5A-DA4B-4B9E-A635-D13371D7BE1D}.Debug|Any CPU.ActiveCfg = Debug|Any CPU
		{0A051C5A-DA4B-4B9E-A635-D13371D7BE1D}.Debug|Any CPU.Build.0 = Debug|Any CPU
		{0A051C5A-DA4B-4B9E-A635-D13371D7BE1D}.Release|Any CPU.ActiveCfg = Release|Any CPU
		{0A051C5A-DA4B-4B9E-A635-D13371D7BE1D}.Release|Any CPU.Build.0 = Release|Any CPU
		{BD7B116B-DD22-4969-9DB3-27FDD5240785}.Debug|Any CPU.ActiveCfg = Debug|Any CPU
		{BD7B116B-DD22-4969-9DB3-27FDD5240785}.Debug|Any CPU.Build.0 = Debug|Any CPU
		{BD7B116B-DD22-4969-9DB3-27FDD5240785}.Release|Any CPU.ActiveCfg = Release|Any CPU
		{BD7B116B-DD22-4969-9DB3-27FDD5240785}.Release|Any CPU.Build.0 = Release|Any CPU
		{52C37627-D6FE-4558-83D0-55D28ACCA463}.Debug|Any CPU.ActiveCfg = Debug|Any CPU
		{52C37627-D6FE-4558-83D0-55D28ACCA463}.Debug|Any CPU.Build.0 = Debug|Any CPU
		{52C37627-D6FE-4558-83D0-55D28ACCA463}.Release|Any CPU.ActiveCfg = Release|Any CPU
		{52C37627-D6FE-4558-83D0-55D28ACCA463}.Release|Any CPU.Build.0 = Release|Any CPU
		{D310F747-54B4-45DD-A53C-2323C7ED1E34}.Debug|Any CPU.ActiveCfg = Debug|Any CPU
		{D310F747-54B4-45DD-A53C-2323C7ED1E34}.Debug|Any CPU.Build.0 = Debug|Any CPU
		{D310F747-54B4-45DD-A53C-2323C7ED1E34}.Release|Any CPU.ActiveCfg = Release|Any CPU
		{D310F747-54B4-45DD-A53C-2323C7ED1E34}.Release|Any CPU.Build.0 = Release|Any CPU
		{6AB43C03-71AE-4233-8E43-EBE2CD770D39}.Debug|Any CPU.ActiveCfg = Debug|Any CPU
		{6AB43C03-71AE-4233-8E43-EBE2CD770D39}.Debug|Any CPU.Build.0 = Debug|Any CPU
		{6AB43C03-71AE-4233-8E43-EBE2CD770D39}.Release|Any CPU.ActiveCfg = Release|Any CPU
		{6AB43C03-71AE-4233-8E43-EBE2CD770D39}.Release|Any CPU.Build.0 = Release|Any CPU
		{E6B9E8BD-8718-4EDA-891C-CF76B179CB0A}.Debug|Any CPU.ActiveCfg = Debug|Any CPU
		{E6B9E8BD-8718-4EDA-891C-CF76B179CB0A}.Debug|Any CPU.Build.0 = Debug|Any CPU
		{E6B9E8BD-8718-4EDA-891C-CF76B179CB0A}.Release|Any CPU.ActiveCfg = Release|Any CPU
		{E6B9E8BD-8718-4EDA-891C-CF76B179CB0A}.Release|Any CPU.Build.0 = Release|Any CPU
		{BEEA235B-C48E-4D22-B8A4-FEFB680694C2}.Debug|Any CPU.ActiveCfg = Debug|Any CPU
		{BEEA235B-C48E-4D22-B8A4-FEFB680694C2}.Debug|Any CPU.Build.0 = Debug|Any CPU
		{BEEA235B-C48E-4D22-B8A4-FEFB680694C2}.Release|Any CPU.ActiveCfg = Release|Any CPU
		{BEEA235B-C48E-4D22-B8A4-FEFB680694C2}.Release|Any CPU.Build.0 = Release|Any CPU
		{CBBBD21A-43C4-426E-B534-7B090495E64E}.Debug|Any CPU.ActiveCfg = Debug|Any CPU
		{CBBBD21A-43C4-426E-B534-7B090495E64E}.Debug|Any CPU.Build.0 = Debug|Any CPU
		{CBBBD21A-43C4-426E-B534-7B090495E64E}.Release|Any CPU.ActiveCfg = Release|Any CPU
		{CBBBD21A-43C4-426E-B534-7B090495E64E}.Release|Any CPU.Build.0 = Release|Any CPU
		{86E204FF-5A6A-4E4F-9718-7C2DD1AB77B2}.Debug|Any CPU.ActiveCfg = Debug|Any CPU
		{86E204FF-5A6A-4E4F-9718-7C2DD1AB77B2}.Debug|Any CPU.Build.0 = Debug|Any CPU
		{86E204FF-5A6A-4E4F-9718-7C2DD1AB77B2}.Release|Any CPU.ActiveCfg = Release|Any CPU
		{86E204FF-5A6A-4E4F-9718-7C2DD1AB77B2}.Release|Any CPU.Build.0 = Release|Any CPU
		{75C24DC0-3F15-43F9-B174-5478A81BE081}.Debug|Any CPU.ActiveCfg = Debug|Any CPU
		{75C24DC0-3F15-43F9-B174-5478A81BE081}.Debug|Any CPU.Build.0 = Debug|Any CPU
		{75C24DC0-3F15-43F9-B174-5478A81BE081}.Release|Any CPU.ActiveCfg = Release|Any CPU
		{75C24DC0-3F15-43F9-B174-5478A81BE081}.Release|Any CPU.Build.0 = Release|Any CPU
		{2BA74587-E1C3-4810-840E-DCB2D4EF6B06}.Debug|Any CPU.ActiveCfg = Debug|Any CPU
		{2BA74587-E1C3-4810-840E-DCB2D4EF6B06}.Debug|Any CPU.Build.0 = Debug|Any CPU
		{2BA74587-E1C3-4810-840E-DCB2D4EF6B06}.Release|Any CPU.ActiveCfg = Release|Any CPU
		{2BA74587-E1C3-4810-840E-DCB2D4EF6B06}.Release|Any CPU.Build.0 = Release|Any CPU
		{B6EA8C45-6289-4A6B-9B58-019EEF859FE1}.Debug|Any CPU.ActiveCfg = Debug|Any CPU
		{B6EA8C45-6289-4A6B-9B58-019EEF859FE1}.Debug|Any CPU.Build.0 = Debug|Any CPU
		{B6EA8C45-6289-4A6B-9B58-019EEF859FE1}.Release|Any CPU.ActiveCfg = Release|Any CPU
		{B6EA8C45-6289-4A6B-9B58-019EEF859FE1}.Release|Any CPU.Build.0 = Release|Any CPU
		{DDDC5BA0-D225-4C8F-91BF-78A65328DFCD}.Debug|Any CPU.ActiveCfg = Debug|Any CPU
		{DDDC5BA0-D225-4C8F-91BF-78A65328DFCD}.Debug|Any CPU.Build.0 = Debug|Any CPU
		{DDDC5BA0-D225-4C8F-91BF-78A65328DFCD}.Release|Any CPU.ActiveCfg = Release|Any CPU
		{DDDC5BA0-D225-4C8F-91BF-78A65328DFCD}.Release|Any CPU.Build.0 = Release|Any CPU
		{C84F8568-75A7-490A-89DF-A35B9116C885}.Debug|Any CPU.ActiveCfg = Debug|Any CPU
		{C84F8568-75A7-490A-89DF-A35B9116C885}.Debug|Any CPU.Build.0 = Debug|Any CPU
		{C84F8568-75A7-490A-89DF-A35B9116C885}.Release|Any CPU.ActiveCfg = Release|Any CPU
		{C84F8568-75A7-490A-89DF-A35B9116C885}.Release|Any CPU.Build.0 = Release|Any CPU
		{D78689D9-6C8B-49EE-8E1C-D5047CE62F4F}.Debug|Any CPU.ActiveCfg = Debug|Any CPU
		{D78689D9-6C8B-49EE-8E1C-D5047CE62F4F}.Debug|Any CPU.Build.0 = Debug|Any CPU
		{D78689D9-6C8B-49EE-8E1C-D5047CE62F4F}.Release|Any CPU.ActiveCfg = Release|Any CPU
		{D78689D9-6C8B-49EE-8E1C-D5047CE62F4F}.Release|Any CPU.Build.0 = Release|Any CPU
		{168FF244-B3F4-4048-8F93-2BD19C556133}.Debug|Any CPU.ActiveCfg = Debug|Any CPU
		{168FF244-B3F4-4048-8F93-2BD19C556133}.Debug|Any CPU.Build.0 = Debug|Any CPU
		{168FF244-B3F4-4048-8F93-2BD19C556133}.Release|Any CPU.ActiveCfg = Release|Any CPU
		{168FF244-B3F4-4048-8F93-2BD19C556133}.Release|Any CPU.Build.0 = Release|Any CPU
		{447F1116-68AE-4DF7-9DF8-85A214F57E66}.Debug|Any CPU.ActiveCfg = Debug|Any CPU
		{447F1116-68AE-4DF7-9DF8-85A214F57E66}.Debug|Any CPU.Build.0 = Debug|Any CPU
		{447F1116-68AE-4DF7-9DF8-85A214F57E66}.Release|Any CPU.ActiveCfg = Release|Any CPU
		{447F1116-68AE-4DF7-9DF8-85A214F57E66}.Release|Any CPU.Build.0 = Release|Any CPU
		{035D63E7-2484-4321-BBC9-0A4DB02079E3}.Debug|Any CPU.ActiveCfg = Debug|Any CPU
		{035D63E7-2484-4321-BBC9-0A4DB02079E3}.Debug|Any CPU.Build.0 = Debug|Any CPU
		{035D63E7-2484-4321-BBC9-0A4DB02079E3}.Release|Any CPU.ActiveCfg = Release|Any CPU
		{035D63E7-2484-4321-BBC9-0A4DB02079E3}.Release|Any CPU.Build.0 = Release|Any CPU
		{0D39261A-69EA-4190-8C4F-691EA4E706D1}.Debug|Any CPU.ActiveCfg = Debug|Any CPU
		{0D39261A-69EA-4190-8C4F-691EA4E706D1}.Debug|Any CPU.Build.0 = Debug|Any CPU
		{0D39261A-69EA-4190-8C4F-691EA4E706D1}.Release|Any CPU.ActiveCfg = Release|Any CPU
		{0D39261A-69EA-4190-8C4F-691EA4E706D1}.Release|Any CPU.Build.0 = Release|Any CPU
		{2F56979E-A206-4D59-9D53-B373CD86594E}.Debug|Any CPU.ActiveCfg = Debug|Any CPU
		{2F56979E-A206-4D59-9D53-B373CD86594E}.Debug|Any CPU.Build.0 = Debug|Any CPU
		{2F56979E-A206-4D59-9D53-B373CD86594E}.Release|Any CPU.ActiveCfg = Release|Any CPU
		{2F56979E-A206-4D59-9D53-B373CD86594E}.Release|Any CPU.Build.0 = Release|Any CPU
		{59898008-1299-4B9F-8FA9-8C392DCE79C3}.Debug|Any CPU.ActiveCfg = Debug|Any CPU
		{59898008-1299-4B9F-8FA9-8C392DCE79C3}.Debug|Any CPU.Build.0 = Debug|Any CPU
		{59898008-1299-4B9F-8FA9-8C392DCE79C3}.Release|Any CPU.ActiveCfg = Release|Any CPU
		{59898008-1299-4B9F-8FA9-8C392DCE79C3}.Release|Any CPU.Build.0 = Release|Any CPU
		{9BCB5B93-80CC-415F-B5E6-8009212AE480}.Debug|Any CPU.ActiveCfg = Debug|Any CPU
		{9BCB5B93-80CC-415F-B5E6-8009212AE480}.Debug|Any CPU.Build.0 = Debug|Any CPU
		{9BCB5B93-80CC-415F-B5E6-8009212AE480}.Release|Any CPU.ActiveCfg = Release|Any CPU
		{9BCB5B93-80CC-415F-B5E6-8009212AE480}.Release|Any CPU.Build.0 = Release|Any CPU
	EndGlobalSection
	GlobalSection(SolutionProperties) = preSolution
		HideSolutionNode = FALSE
	EndGlobalSection
EndGlobal
